
Microsoft Visual Studio Solution File, Format Version 12.00
# Visual Studio 2012
Project("{2150E333-8FDC-42A3-9474-1A3956D46DE8}") = "src", "src", "{EE4D2990-41A6-4958-AB0A-AB99704B9BC3}"
EndProject
Project("{F2A71F9B-5D33-465A-A702-920D77279786}") = "Domain", "src\Domain\Domain.fsproj", "{E851C227-8912-447F-B270-3AA3074B90DC}"
EndProject
Project("{F2A71F9B-5D33-465A-A702-920D77279786}") = "Domain.Tests", "src\Domain.Tests\Domain.Tests.fsproj", "{032436AE-4E10-4D2F-A068-00B1A1DFDB8B}"
EndProject
Project("{6EC3EE1D-3C4E-46DD-8F32-0CC8E7565705}") = "Client", "src\Client\Client.fsproj", "{CABDE80C-4758-44A3-8836-ACBAD17DB8A3}"
EndProject
Project("{F2A71F9B-5D33-465A-A702-920D77279786}") = "Server", "src\Server\Server.fsproj", "{C1F8BFC5-774C-463B-B465-056AADA8B338}"
EndProject
Project("{F2A71F9B-5D33-465A-A702-920D77279786}") = "Infrastructure", "src\Infrastructure\Infrastructure.fsproj", "{93B11E7E-C077-4A11-A5AD-A5F7EBDEB1FB}"
EndProject
Project("{F2A71F9B-5D33-465A-A702-920D77279786}") = "Support", "src\Support\Support.fsproj", "{591B4DC1-791D-48F4-A17C-AE7BD04E49AD}"
EndProject
Global
	GlobalSection(SolutionConfigurationPlatforms) = preSolution
		Debug|Any CPU = Debug|Any CPU
		Release|Any CPU = Release|Any CPU
		Debug|x64 = Debug|x64
		Debug|x86 = Debug|x86
		Release|x64 = Release|x64
		Release|x86 = Release|x86
	EndGlobalSection
	GlobalSection(ProjectConfigurationPlatforms) = postSolution
		{E851C227-8912-447F-B270-3AA3074B90DC}.Debug|Any CPU.ActiveCfg = Debug|Any CPU
		{E851C227-8912-447F-B270-3AA3074B90DC}.Debug|Any CPU.Build.0 = Debug|Any CPU
		{E851C227-8912-447F-B270-3AA3074B90DC}.Debug|x64.ActiveCfg = Debug|x64
		{E851C227-8912-447F-B270-3AA3074B90DC}.Debug|x64.Build.0 = Debug|x64
		{E851C227-8912-447F-B270-3AA3074B90DC}.Debug|x86.ActiveCfg = Debug|x86
		{E851C227-8912-447F-B270-3AA3074B90DC}.Debug|x86.Build.0 = Debug|x86
		{E851C227-8912-447F-B270-3AA3074B90DC}.Release|Any CPU.ActiveCfg = Release|Any CPU
		{E851C227-8912-447F-B270-3AA3074B90DC}.Release|Any CPU.Build.0 = Release|Any CPU
		{E851C227-8912-447F-B270-3AA3074B90DC}.Release|x64.ActiveCfg = Release|x64
		{E851C227-8912-447F-B270-3AA3074B90DC}.Release|x64.Build.0 = Release|x64
		{E851C227-8912-447F-B270-3AA3074B90DC}.Release|x86.ActiveCfg = Release|x86
		{E851C227-8912-447F-B270-3AA3074B90DC}.Release|x86.Build.0 = Release|x86
		{032436AE-4E10-4D2F-A068-00B1A1DFDB8B}.Debug|Any CPU.ActiveCfg = Debug|Any CPU
		{032436AE-4E10-4D2F-A068-00B1A1DFDB8B}.Debug|Any CPU.Build.0 = Debug|Any CPU
		{032436AE-4E10-4D2F-A068-00B1A1DFDB8B}.Debug|x64.ActiveCfg = Debug|x64
		{032436AE-4E10-4D2F-A068-00B1A1DFDB8B}.Debug|x64.Build.0 = Debug|x64
		{032436AE-4E10-4D2F-A068-00B1A1DFDB8B}.Debug|x86.ActiveCfg = Debug|x86
		{032436AE-4E10-4D2F-A068-00B1A1DFDB8B}.Debug|x86.Build.0 = Debug|x86
		{032436AE-4E10-4D2F-A068-00B1A1DFDB8B}.Release|Any CPU.ActiveCfg = Release|Any CPU
		{032436AE-4E10-4D2F-A068-00B1A1DFDB8B}.Release|Any CPU.Build.0 = Release|Any CPU
		{032436AE-4E10-4D2F-A068-00B1A1DFDB8B}.Release|x64.ActiveCfg = Release|x64
		{032436AE-4E10-4D2F-A068-00B1A1DFDB8B}.Release|x64.Build.0 = Release|x64
		{032436AE-4E10-4D2F-A068-00B1A1DFDB8B}.Release|x86.ActiveCfg = Release|x86
		{032436AE-4E10-4D2F-A068-00B1A1DFDB8B}.Release|x86.Build.0 = Release|x86
		{CABDE80C-4758-44A3-8836-ACBAD17DB8A3}.Debug|Any CPU.ActiveCfg = Debug|Any CPU
		{CABDE80C-4758-44A3-8836-ACBAD17DB8A3}.Debug|Any CPU.Build.0 = Debug|Any CPU
		{CABDE80C-4758-44A3-8836-ACBAD17DB8A3}.Debug|x64.ActiveCfg = Debug|x64
		{CABDE80C-4758-44A3-8836-ACBAD17DB8A3}.Debug|x64.Build.0 = Debug|x64
		{CABDE80C-4758-44A3-8836-ACBAD17DB8A3}.Debug|x86.ActiveCfg = Debug|x86
		{CABDE80C-4758-44A3-8836-ACBAD17DB8A3}.Debug|x86.Build.0 = Debug|x86
		{CABDE80C-4758-44A3-8836-ACBAD17DB8A3}.Release|Any CPU.ActiveCfg = Release|Any CPU
		{CABDE80C-4758-44A3-8836-ACBAD17DB8A3}.Release|Any CPU.Build.0 = Release|Any CPU
		{CABDE80C-4758-44A3-8836-ACBAD17DB8A3}.Release|x64.ActiveCfg = Release|x64
		{CABDE80C-4758-44A3-8836-ACBAD17DB8A3}.Release|x64.Build.0 = Release|x64
		{CABDE80C-4758-44A3-8836-ACBAD17DB8A3}.Release|x86.ActiveCfg = Release|x86
		{CABDE80C-4758-44A3-8836-ACBAD17DB8A3}.Release|x86.Build.0 = Release|x86
		{C1F8BFC5-774C-463B-B465-056AADA8B338}.Debug|Any CPU.ActiveCfg = Debug|Any CPU
		{C1F8BFC5-774C-463B-B465-056AADA8B338}.Debug|Any CPU.Build.0 = Debug|Any CPU
		{C1F8BFC5-774C-463B-B465-056AADA8B338}.Debug|x64.ActiveCfg = Debug|x64
		{C1F8BFC5-774C-463B-B465-056AADA8B338}.Debug|x64.Build.0 = Debug|x64
		{C1F8BFC5-774C-463B-B465-056AADA8B338}.Debug|x86.ActiveCfg = Debug|x86
		{C1F8BFC5-774C-463B-B465-056AADA8B338}.Debug|x86.Build.0 = Debug|x86
		{C1F8BFC5-774C-463B-B465-056AADA8B338}.Release|Any CPU.ActiveCfg = Release|Any CPU
		{C1F8BFC5-774C-463B-B465-056AADA8B338}.Release|Any CPU.Build.0 = Release|Any CPU
		{C1F8BFC5-774C-463B-B465-056AADA8B338}.Release|x64.ActiveCfg = Release|x64
		{C1F8BFC5-774C-463B-B465-056AADA8B338}.Release|x64.Build.0 = Release|x64
		{C1F8BFC5-774C-463B-B465-056AADA8B338}.Release|x86.ActiveCfg = Release|x86
		{C1F8BFC5-774C-463B-B465-056AADA8B338}.Release|x86.Build.0 = Release|x86
		{93B11E7E-C077-4A11-A5AD-A5F7EBDEB1FB}.Debug|Any CPU.ActiveCfg = Debug|Any CPU
		{93B11E7E-C077-4A11-A5AD-A5F7EBDEB1FB}.Debug|Any CPU.Build.0 = Debug|Any CPU
		{93B11E7E-C077-4A11-A5AD-A5F7EBDEB1FB}.Debug|x64.ActiveCfg = Debug|x64
		{93B11E7E-C077-4A11-A5AD-A5F7EBDEB1FB}.Debug|x64.Build.0 = Debug|x64
		{93B11E7E-C077-4A11-A5AD-A5F7EBDEB1FB}.Debug|x86.ActiveCfg = Debug|x86
		{93B11E7E-C077-4A11-A5AD-A5F7EBDEB1FB}.Debug|x86.Build.0 = Debug|x86
		{93B11E7E-C077-4A11-A5AD-A5F7EBDEB1FB}.Release|Any CPU.ActiveCfg = Release|Any CPU
		{93B11E7E-C077-4A11-A5AD-A5F7EBDEB1FB}.Release|Any CPU.Build.0 = Release|Any CPU
		{93B11E7E-C077-4A11-A5AD-A5F7EBDEB1FB}.Release|x64.ActiveCfg = Release|x64
		{93B11E7E-C077-4A11-A5AD-A5F7EBDEB1FB}.Release|x64.Build.0 = Release|x64
		{93B11E7E-C077-4A11-A5AD-A5F7EBDEB1FB}.Release|x86.ActiveCfg = Release|x86
		{93B11E7E-C077-4A11-A5AD-A5F7EBDEB1FB}.Release|x86.Build.0 = Release|x86
		{591B4DC1-791D-48F4-A17C-AE7BD04E49AD}.Debug|Any CPU.ActiveCfg = Debug|Any CPU
		{591B4DC1-791D-48F4-A17C-AE7BD04E49AD}.Debug|Any CPU.Build.0 = Debug|Any CPU
		{591B4DC1-791D-48F4-A17C-AE7BD04E49AD}.Debug|x64.ActiveCfg = Debug|x64
		{591B4DC1-791D-48F4-A17C-AE7BD04E49AD}.Debug|x64.Build.0 = Debug|x64
		{591B4DC1-791D-48F4-A17C-AE7BD04E49AD}.Debug|x86.ActiveCfg = Debug|x86
		{591B4DC1-791D-48F4-A17C-AE7BD04E49AD}.Debug|x86.Build.0 = Debug|x86
		{591B4DC1-791D-48F4-A17C-AE7BD04E49AD}.Release|Any CPU.ActiveCfg = Release|Any CPU
		{591B4DC1-791D-48F4-A17C-AE7BD04E49AD}.Release|Any CPU.Build.0 = Release|Any CPU
		{591B4DC1-791D-48F4-A17C-AE7BD04E49AD}.Release|x64.ActiveCfg = Release|x64
		{591B4DC1-791D-48F4-A17C-AE7BD04E49AD}.Release|x64.Build.0 = Release|x64
		{591B4DC1-791D-48F4-A17C-AE7BD04E49AD}.Release|x86.ActiveCfg = Release|x86
		{591B4DC1-791D-48F4-A17C-AE7BD04E49AD}.Release|x86.Build.0 = Release|x86
	EndGlobalSection
	GlobalSection(NestedProjects) = preSolution
		{E851C227-8912-447F-B270-3AA3074B90DC} = {EE4D2990-41A6-4958-AB0A-AB99704B9BC3}
		{032436AE-4E10-4D2F-A068-00B1A1DFDB8B} = {EE4D2990-41A6-4958-AB0A-AB99704B9BC3}
		{CABDE80C-4758-44A3-8836-ACBAD17DB8A3} = {EE4D2990-41A6-4958-AB0A-AB99704B9BC3}
		{C1F8BFC5-774C-463B-B465-056AADA8B338} = {EE4D2990-41A6-4958-AB0A-AB99704B9BC3}
		{93B11E7E-C077-4A11-A5AD-A5F7EBDEB1FB} = {EE4D2990-41A6-4958-AB0A-AB99704B9BC3}
		{591B4DC1-791D-48F4-A17C-AE7BD04E49AD} = {EE4D2990-41A6-4958-AB0A-AB99704B9BC3}
	EndGlobalSection
EndGlobal
